// !$*UTF8*$!
{
	archiveVersion = 1;
	classes = {
	};
	objectVersion = 77;
	objects = {

/* Begin PBXGroup section */
		059D1FB92EA2E85400315892 = {
			isa = PBXGroup;
			children = (
			);
			sourceTree = "<group>";
		};
/* End PBXGroup section */

/* Begin PBXProject section */
		059D1FBA2EA2E85400315892 /* Project object */ = {
			isa = PBXProject;
			attributes = {
				BuildIndependentTargetsInParallel = 1;
				LastUpgradeCheck = 2600;
			};
			buildConfigurationList = 059D1FBD2EA2E85400315892 /* Build configuration list for PBXProject "VisionAI" */;
			developmentRegion = en;
			hasScannedForEncodings = 0;
			knownRegions = (
				en,
				Base,
			);
			mainGroup = 059D1FB92EA2E85400315892;
			minimizedProjectReferenceProxies = 1;
			preferredProjectObjectVersion = 77;
			projectDirPath = "";
			projectRoot = "";
			targets = (
			);
		};
/* End PBXProject section */

/* Begin XCBuildConfiguration section */
		059D1FBE2EA2E85400315892 /* Debug */ = {
			isa = XCBuildConfiguration;
			buildSettings = {
				DEVELOPMENT_TEAM = 544J9WPCLM;
			};
			name = Debug;
		};
		059D1FBF2EA2E85400315892 /* Release */ = {
			isa = XCBuildConfiguration;
			buildSettings = {
				DEVELOPMENT_TEAM = 544J9WPCLM;
			};
			name = Release;
		};
/* End XCBuildConfiguration section */

/* Begin XCConfigurationList section */
		059D1FBD2EA2E85400315892 /* Build configuration list for PBXProject "VisionAI" */ = {
			isa = XCConfigurationList;
			buildConfigurations = (
				059D1FBE2EA2E85400315892 /* Debug */,
				059D1FBF2EA2E85400315892 /* Release */,
			);
			defaultConfigurationIsVisible = 0;
			defaultConfigurationName = Release;
		};
/* End XCConfigurationList section */
	};
	rootObject = 059D1FBA2EA2E85400315892 /* Project object */;
}
