// !$*UTF8*$!
{
	archiveVersion = 1;
	classes = {
	};
	objectVersion = 77;
	objects = {

/* Begin PBXFileReference section */
		059D1FC02EA2E97300315892 /* manifest.json */ = {isa = PBXFileReference; lastKnownFileType = text.json; path = manifest.json; sourceTree = "<group>"; };
		059D1FC12EA2E9B400315892 /* background.js */ = {isa = PBXFileReference; lastKnownFileType = sourcecode.javascript; path = background.js; sourceTree = "<group>"; };
		059D1FC22EA2E9D100315892 /* content.js */ = {isa = PBXFileReference; lastKnownFileType = sourcecode.javascript; path = content.js; sourceTree = "<group>"; };
/* End PBXFileReference section */

/* Begin PBXFileSystemSynchronizedRootGroup section */
		059D1FC32EA2E9E800315892 /* utils */ = {
			isa = PBXFileSystemSynchronizedRootGroup;
			path = utils;
			sourceTree = "<group>";
		};
		059D1FC72EA2EA8300315892 /* popup */ = {
			isa = PBXFileSystemSynchronizedRootGroup;
			path = popup;
			sourceTree = "<group>";
		};
		059D1FCA2EA2EC9800315892 /* assets */ = {
			isa = PBXFileSystemSynchronizedRootGroup;
			path = assets;
			sourceTree = "<group>";
		};
/* End PBXFileSystemSynchronizedRootGroup section */

/* Begin PBXGroup section */
		059D1FB92EA2E85400315892 = {
			isa = PBXGroup;
			children = (
				059D1FCA2EA2EC9800315892 /* assets */,
				059D1FC72EA2EA8300315892 /* popup */,
				059D1FC32EA2E9E800315892 /* utils */,
				059D1FC22EA2E9D100315892 /* content.js */,
				059D1FC12EA2E9B400315892 /* background.js */,
				059D1FC02EA2E97300315892 /* manifest.json */,
			);
			sourceTree = "<group>";
		};
/* End PBXGroup section */

/* Begin PBXProject section */
		059D1FBA2EA2E85400315892 /* Project object */ = {
			isa = PBXProject;
			attributes = {
				BuildIndependentTargetsInParallel = 1;
				LastUpgradeCheck = 2600;
			};
			buildConfigurationList = 059D1FBD2EA2E85400315892 /* Build configuration list for PBXProject "VisionAI" */;
			developmentRegion = en;
			hasScannedForEncodings = 0;
			knownRegions = (
				en,
				Base,
			);
			mainGroup = 059D1FB92EA2E85400315892;
			minimizedProjectReferenceProxies = 1;
			preferredProjectObjectVersion = 77;
			projectDirPath = "";
			projectRoot = "";
			targets = (
			);
		};
/* End PBXProject section */

/* Begin XCBuildConfiguration section */
		059D1FBE2EA2E85400315892 /* Debug */ = {
			isa = XCBuildConfiguration;
			buildSettings = {
				DEVELOPMENT_TEAM = 544J9WPCLM;
			};
			name = Debug;
		};
		059D1FBF2EA2E85400315892 /* Release */ = {
			isa = XCBuildConfiguration;
			buildSettings = {
				DEVELOPMENT_TEAM = 544J9WPCLM;
			};
			name = Release;
		};
/* End XCBuildConfiguration section */

/* Begin XCConfigurationList section */
		059D1FBD2EA2E85400315892 /* Build configuration list for PBXProject "VisionAI" */ = {
			isa = XCConfigurationList;
			buildConfigurations = (
				059D1FBE2EA2E85400315892 /* Debug */,
				059D1FBF2EA2E85400315892 /* Release */,
			);
			defaultConfigurationIsVisible = 0;
			defaultConfigurationName = Release;
		};
/* End XCConfigurationList section */
	};
	rootObject = 059D1FBA2EA2E85400315892 /* Project object */;
}
